
Microsoft Visual Studio Solution File, Format Version 12.00
# Visual Studio 15
VisualStudioVersion = 15.0.27703.2035
MinimumVisualStudioVersion = 10.0.40219.1
Project("{FAE04EC0-301F-11D3-BF4B-00C04F79EFBC}") = "31", "31\31.csproj", "{F4603FE0-60BD-4055-892C-98FDB25DC52B}"
EndProject
Global
	GlobalSection(SolutionConfigurationPlatforms) = preSolution
		Debug|Any CPU = Debug|Any CPU
		Release|Any CPU = Release|Any CPU
	EndGlobalSection
	GlobalSection(ProjectConfigurationPlatforms) = postSolution
		{F4603FE0-60BD-4055-892C-98FDB25DC52B}.Debug|Any CPU.ActiveCfg = Debug|Any CPU
		{F4603FE0-60BD-4055-892C-98FDB25DC52B}.Debug|Any CPU.Build.0 = Debug|Any CPU
		{F4603FE0-60BD-4055-892C-98FDB25DC52B}.Release|Any CPU.ActiveCfg = Release|Any CPU
		{F4603FE0-60BD-4055-892C-98FDB25DC52B}.Release|Any CPU.Build.0 = Release|Any CPU
	EndGlobalSection
	GlobalSection(SolutionProperties) = preSolution
		HideSolutionNode = FALSE
	EndGlobalSection
	GlobalSection(ExtensibilityGlobals) = postSolution
		SolutionGuid = {F986FF93-0AB9-4005-94A2-AD19B3AF4153}
	EndGlobalSection
EndGlobal
