
Microsoft Visual Studio Solution File, Format Version 12.00
# Visual Studio 15
VisualStudioVersion = 15.0.27703.2035
MinimumVisualStudioVersion = 10.0.40219.1
Project("{FAE04EC0-301F-11D3-BF4B-00C04F79EFBC}") = "LabaFive0.2", "LabaFive0.2\LabaFive0.2.csproj", "{1C0403AE-0C7B-4DF0-B620-1BF997CF3B2F}"
EndProject
Project("{FAE04EC0-301F-11D3-BF4B-00C04F79EFBC}") = "UnitTestProject1", "UnitTestProject1\UnitTestProject1.csproj", "{C7047F64-CFDE-4BC4-82DB-F82CAE17700D}"
EndProject
Global
	GlobalSection(SolutionConfigurationPlatforms) = preSolution
		Debug|Any CPU = Debug|Any CPU
		Release|Any CPU = Release|Any CPU
	EndGlobalSection
	GlobalSection(ProjectConfigurationPlatforms) = postSolution
		{1C0403AE-0C7B-4DF0-B620-1BF997CF3B2F}.Debug|Any CPU.ActiveCfg = Debug|Any CPU
		{1C0403AE-0C7B-4DF0-B620-1BF997CF3B2F}.Debug|Any CPU.Build.0 = Debug|Any CPU
		{1C0403AE-0C7B-4DF0-B620-1BF997CF3B2F}.Release|Any CPU.ActiveCfg = Release|Any CPU
		{1C0403AE-0C7B-4DF0-B620-1BF997CF3B2F}.Release|Any CPU.Build.0 = Release|Any CPU
		{C7047F64-CFDE-4BC4-82DB-F82CAE17700D}.Debug|Any CPU.ActiveCfg = Debug|Any CPU
		{C7047F64-CFDE-4BC4-82DB-F82CAE17700D}.Debug|Any CPU.Build.0 = Debug|Any CPU
		{C7047F64-CFDE-4BC4-82DB-F82CAE17700D}.Release|Any CPU.ActiveCfg = Release|Any CPU
		{C7047F64-CFDE-4BC4-82DB-F82CAE17700D}.Release|Any CPU.Build.0 = Release|Any CPU
	EndGlobalSection
	GlobalSection(SolutionProperties) = preSolution
		HideSolutionNode = FALSE
	EndGlobalSection
	GlobalSection(ExtensibilityGlobals) = postSolution
		SolutionGuid = {DE64690C-EA8A-47DD-828E-DC4CB584E1B3}
	EndGlobalSection
EndGlobal
