
Microsoft Visual Studio Solution File, Format Version 12.00
# Visual Studio 15
VisualStudioVersion = 15.0.27004.2008
MinimumVisualStudioVersion = 10.0.40219.1
Project("{FAE04EC0-301F-11D3-BF4B-00C04F79EFBC}") = "Project", "Project\Project.csproj", "{B6A68A30-CC2D-41B1-A4FC-9AE911BF0129}"
EndProject
Project("{00D1A9C2-B5F0-4AF3-8072-F6C62B433612}") = "Database1", "Database1\Database1.sqlproj", "{36C17340-5825-463C-A83B-2D70EA92184E}"
EndProject
Global
	GlobalSection(SolutionConfigurationPlatforms) = preSolution
		Debug|Any CPU = Debug|Any CPU
		Release|Any CPU = Release|Any CPU
	EndGlobalSection
	GlobalSection(ProjectConfigurationPlatforms) = postSolution
		{B6A68A30-CC2D-41B1-A4FC-9AE911BF0129}.Debug|Any CPU.ActiveCfg = Debug|Any CPU
		{B6A68A30-CC2D-41B1-A4FC-9AE911BF0129}.Debug|Any CPU.Build.0 = Debug|Any CPU
		{B6A68A30-CC2D-41B1-A4FC-9AE911BF0129}.Release|Any CPU.ActiveCfg = Release|Any CPU
		{B6A68A30-CC2D-41B1-A4FC-9AE911BF0129}.Release|Any CPU.Build.0 = Release|Any CPU
		{36C17340-5825-463C-A83B-2D70EA92184E}.Debug|Any CPU.ActiveCfg = Debug|Any CPU
		{36C17340-5825-463C-A83B-2D70EA92184E}.Debug|Any CPU.Build.0 = Debug|Any CPU
		{36C17340-5825-463C-A83B-2D70EA92184E}.Debug|Any CPU.Deploy.0 = Debug|Any CPU
		{36C17340-5825-463C-A83B-2D70EA92184E}.Release|Any CPU.ActiveCfg = Release|Any CPU
		{36C17340-5825-463C-A83B-2D70EA92184E}.Release|Any CPU.Build.0 = Release|Any CPU
		{36C17340-5825-463C-A83B-2D70EA92184E}.Release|Any CPU.Deploy.0 = Release|Any CPU
	EndGlobalSection
	GlobalSection(SolutionProperties) = preSolution
		HideSolutionNode = FALSE
	EndGlobalSection
	GlobalSection(ExtensibilityGlobals) = postSolution
		SolutionGuid = {6D424AC7-32C3-44EA-B49F-E1A852B65152}
	EndGlobalSection
EndGlobal
