
Microsoft Visual Studio Solution File, Format Version 12.00
# Visual Studio 15
VisualStudioVersion = 15.0.27130.2020
MinimumVisualStudioVersion = 10.0.40219.1
Project("{FAE04EC0-301F-11D3-BF4B-00C04F79EFBC}") = "Extensions1", "Extensions1\Extensions1.csproj", "{AFEE549E-020C-4164-B070-2E09B0C29AB6}"
EndProject
Global
	GlobalSection(SolutionConfigurationPlatforms) = preSolution
		Debug|Any CPU = Debug|Any CPU
		Release|Any CPU = Release|Any CPU
	EndGlobalSection
	GlobalSection(ProjectConfigurationPlatforms) = postSolution
		{AFEE549E-020C-4164-B070-2E09B0C29AB6}.Debug|Any CPU.ActiveCfg = Debug|Any CPU
		{AFEE549E-020C-4164-B070-2E09B0C29AB6}.Debug|Any CPU.Build.0 = Debug|Any CPU
		{AFEE549E-020C-4164-B070-2E09B0C29AB6}.Release|Any CPU.ActiveCfg = Release|Any CPU
		{AFEE549E-020C-4164-B070-2E09B0C29AB6}.Release|Any CPU.Build.0 = Release|Any CPU
	EndGlobalSection
	GlobalSection(SolutionProperties) = preSolution
		HideSolutionNode = FALSE
	EndGlobalSection
	GlobalSection(ExtensibilityGlobals) = postSolution
		SolutionGuid = {FCADCE23-1384-4E56-A5B8-B72000C13B3E}
	EndGlobalSection
EndGlobal
